annotated-types==0.8.0
attrs==26.1.0
iniconfig==2.3.0
jsonschema==4.26.0
jsonschema-specifications==2025.9.1
packaging==26.3
pluggy==1.6.0
pydantic==2.13.5
pydantic_core==2.46.5
Pygments==2.21.0
pytest==9.1.1
PyYAML==6.0.3
referencing==0.37.0
rpds-py==2026.6.3
typing-inspection==0.4.4
typing_extensions==4.16.0
